
Microsoft Visual Studio Solution File, Format Version 12.00
# Visual Studio Version 16
VisualStudioVersion = 16.0.32901.82
MinimumVisualStudioVersion = 10.0.40219.1
Project("{FAE04EC0-301F-11D3-BF4B-00C04F79EFBC}") = "OPCCommunication", "OPCCommunication.csproj", "{E9625F9D-DC82-4395-BCA4-DC14F8159DA7}"
EndProject
Global
	GlobalSection(SolutionConfigurationPlatforms) = preSolution
		Debug|Any CPU = Debug|Any CPU
		Release|Any CPU = Release|Any CPU
	EndGlobalSection
	GlobalSection(ProjectConfigurationPlatforms) = postSolution
		{E9625F9D-DC82-4395-BCA4-DC14F8159DA7}.Debug|Any CPU.ActiveCfg = Debug|Any CPU
		{E9625F9D-DC82-4395-BCA4-DC14F8159DA7}.Debug|Any CPU.Build.0 = Debug|Any CPU
		{E9625F9D-DC82-4395-BCA4-DC14F8159DA7}.Release|Any CPU.ActiveCfg = Release|Any CPU
		{E9625F9D-DC82-4395-BCA4-DC14F8159DA7}.Release|Any CPU.Build.0 = Release|Any CPU
	EndGlobalSection
	GlobalSection(SolutionProperties) = preSolution
		HideSolutionNode = FALSE
	EndGlobalSection
	GlobalSection(ExtensibilityGlobals) = postSolution
		SolutionGuid = {561EF072-D26F-4844-91ED-63ED25975D45}
	EndGlobalSection
EndGlobal
